
Microsoft Visual Studio Solution File, Format Version 12.00
# Visual Studio 15
VisualStudioVersion = 15.0.28307.2017
MinimumVisualStudioVersion = 10.0.40219.1
Project("{8BC9CEB8-8B4A-11D0-8D11-00A0C91BC942}") = "RunEmu", "RunEmu\RunEmu.vcxproj", "{8AC641A7-94A1-4438-9909-F0E865AB0B7B}"
EndProject
Project("{8BC9CEB8-8B4A-11D0-8D11-00A0C91BC942}") = "RunEmu64", "RunEmu64\RunEmu64.vcxproj", "{934728D1-C7DE-48A6-B848-45D98F49C986}"
EndProject
Project("{8BC9CEB8-8B4A-11D0-8D11-00A0C91BC942}") = "EmuLoader", "EmuLoader\EmuLoader.vcxproj", "{32C25F66-CFDE-4489-994E-85A913869680}"
EndProject
Project("{8BC9CEB8-8B4A-11D0-8D11-00A0C91BC942}") = "EmuLoader64", "EmuLoader64\EmuLoader64.vcxproj", "{9BDA1F45-7D15-4EB2-B06D-2BD7898658C4}"
EndProject
Project("{8BC9CEB8-8B4A-11D0-8D11-00A0C91BC942}") = "EmuMain", "EmuMain\EmuMain.vcxproj", "{B2EC0212-6675-4F7D-8F0C-D4132B64DD68}"
EndProject
Project("{8BC9CEB8-8B4A-11D0-8D11-00A0C91BC942}") = "EmuMain64", "EmuMain64\EmuMain64.vcxproj", "{007565B5-C36F-4878-904E-D43F28A2E7E2}"
EndProject
Project("{2150E333-8FDC-42A3-9474-1A3956D46DE8}") = "x86", "x86", "{08EA9CF7-04E8-4517-8900-3C0A5D73B539}"
EndProject
Project("{2150E333-8FDC-42A3-9474-1A3956D46DE8}") = "x64", "x64", "{968B385C-E96C-4D0D-8B88-29A5743D3143}"
EndProject
Project("{8BC9CEB8-8B4A-11D0-8D11-00A0C91BC942}") = "EmuExtra", "EmuExtra\EmuExtra.vcxproj", "{ABDA27D6-7C53-4B03-BB51-798D902B8B52}"
EndProject
Global
	GlobalSection(SolutionConfigurationPlatforms) = preSolution
		Debug|x64 = Debug|x64
		Debug|x86 = Debug|x86
		Release|x64 = Release|x64
		Release|x86 = Release|x86
	EndGlobalSection
	GlobalSection(ProjectConfigurationPlatforms) = postSolution
		{8AC641A7-94A1-4438-9909-F0E865AB0B7B}.Debug|x64.ActiveCfg = Debug|x64
		{8AC641A7-94A1-4438-9909-F0E865AB0B7B}.Debug|x64.Build.0 = Debug|x64
		{8AC641A7-94A1-4438-9909-F0E865AB0B7B}.Debug|x86.ActiveCfg = Debug|Win32
		{8AC641A7-94A1-4438-9909-F0E865AB0B7B}.Debug|x86.Build.0 = Debug|Win32
		{8AC641A7-94A1-4438-9909-F0E865AB0B7B}.Release|x64.ActiveCfg = Release|Win32
		{8AC641A7-94A1-4438-9909-F0E865AB0B7B}.Release|x64.Build.0 = Release|Win32
		{8AC641A7-94A1-4438-9909-F0E865AB0B7B}.Release|x86.ActiveCfg = Release|Win32
		{8AC641A7-94A1-4438-9909-F0E865AB0B7B}.Release|x86.Build.0 = Release|Win32
		{934728D1-C7DE-48A6-B848-45D98F49C986}.Debug|x64.ActiveCfg = Debug|x64
		{934728D1-C7DE-48A6-B848-45D98F49C986}.Debug|x64.Build.0 = Debug|x64
		{934728D1-C7DE-48A6-B848-45D98F49C986}.Debug|x86.ActiveCfg = Debug|Win32
		{934728D1-C7DE-48A6-B848-45D98F49C986}.Debug|x86.Build.0 = Debug|Win32
		{934728D1-C7DE-48A6-B848-45D98F49C986}.Release|x64.ActiveCfg = Release|x64
		{934728D1-C7DE-48A6-B848-45D98F49C986}.Release|x64.Build.0 = Release|x64
		{934728D1-C7DE-48A6-B848-45D98F49C986}.Release|x86.ActiveCfg = Release|x64
		{32C25F66-CFDE-4489-994E-85A913869680}.Debug|x64.ActiveCfg = Debug|x64
		{32C25F66-CFDE-4489-994E-85A913869680}.Debug|x64.Build.0 = Debug|x64
		{32C25F66-CFDE-4489-994E-85A913869680}.Debug|x86.ActiveCfg = Debug|Win32
		{32C25F66-CFDE-4489-994E-85A913869680}.Debug|x86.Build.0 = Debug|Win32
		{32C25F66-CFDE-4489-994E-85A913869680}.Release|x64.ActiveCfg = Release|Win32
		{32C25F66-CFDE-4489-994E-85A913869680}.Release|x64.Build.0 = Release|Win32
		{32C25F66-CFDE-4489-994E-85A913869680}.Release|x86.ActiveCfg = Release|Win32
		{32C25F66-CFDE-4489-994E-85A913869680}.Release|x86.Build.0 = Release|Win32
		{9BDA1F45-7D15-4EB2-B06D-2BD7898658C4}.Debug|x64.ActiveCfg = Debug|x64
		{9BDA1F45-7D15-4EB2-B06D-2BD7898658C4}.Debug|x64.Build.0 = Debug|x64
		{9BDA1F45-7D15-4EB2-B06D-2BD7898658C4}.Debug|x86.ActiveCfg = Debug|Win32
		{9BDA1F45-7D15-4EB2-B06D-2BD7898658C4}.Debug|x86.Build.0 = Debug|Win32
		{9BDA1F45-7D15-4EB2-B06D-2BD7898658C4}.Release|x64.ActiveCfg = Release|x64
		{9BDA1F45-7D15-4EB2-B06D-2BD7898658C4}.Release|x64.Build.0 = Release|x64
		{9BDA1F45-7D15-4EB2-B06D-2BD7898658C4}.Release|x86.ActiveCfg = Release|x64
		{B2EC0212-6675-4F7D-8F0C-D4132B64DD68}.Debug|x64.ActiveCfg = Debug|x64
		{B2EC0212-6675-4F7D-8F0C-D4132B64DD68}.Debug|x64.Build.0 = Debug|x64
		{B2EC0212-6675-4F7D-8F0C-D4132B64DD68}.Debug|x86.ActiveCfg = Debug|Win32
		{B2EC0212-6675-4F7D-8F0C-D4132B64DD68}.Debug|x86.Build.0 = Debug|Win32
		{B2EC0212-6675-4F7D-8F0C-D4132B64DD68}.Release|x64.ActiveCfg = Release|Win32
		{B2EC0212-6675-4F7D-8F0C-D4132B64DD68}.Release|x64.Build.0 = Release|Win32
		{B2EC0212-6675-4F7D-8F0C-D4132B64DD68}.Release|x86.ActiveCfg = Release|Win32
		{B2EC0212-6675-4F7D-8F0C-D4132B64DD68}.Release|x86.Build.0 = Release|Win32
		{007565B5-C36F-4878-904E-D43F28A2E7E2}.Debug|x64.ActiveCfg = Debug|x64
		{007565B5-C36F-4878-904E-D43F28A2E7E2}.Debug|x64.Build.0 = Debug|x64
		{007565B5-C36F-4878-904E-D43F28A2E7E2}.Debug|x86.ActiveCfg = Debug|Win32
		{007565B5-C36F-4878-904E-D43F28A2E7E2}.Debug|x86.Build.0 = Debug|Win32
		{007565B5-C36F-4878-904E-D43F28A2E7E2}.Release|x64.ActiveCfg = Release|x64
		{007565B5-C36F-4878-904E-D43F28A2E7E2}.Release|x64.Build.0 = Release|x64
		{007565B5-C36F-4878-904E-D43F28A2E7E2}.Release|x86.ActiveCfg = Release|x64
		{ABDA27D6-7C53-4B03-BB51-798D902B8B52}.Debug|x64.ActiveCfg = Debug|x64
		{ABDA27D6-7C53-4B03-BB51-798D902B8B52}.Debug|x64.Build.0 = Debug|x64
		{ABDA27D6-7C53-4B03-BB51-798D902B8B52}.Debug|x86.ActiveCfg = Debug|Win32
		{ABDA27D6-7C53-4B03-BB51-798D902B8B52}.Debug|x86.Build.0 = Debug|Win32
		{ABDA27D6-7C53-4B03-BB51-798D902B8B52}.Release|x64.ActiveCfg = Release|Win32
		{ABDA27D6-7C53-4B03-BB51-798D902B8B52}.Release|x64.Build.0 = Release|Win32
		{ABDA27D6-7C53-4B03-BB51-798D902B8B52}.Release|x86.ActiveCfg = Release|Win32
		{ABDA27D6-7C53-4B03-BB51-798D902B8B52}.Release|x86.Build.0 = Release|Win32
	EndGlobalSection
	GlobalSection(SolutionProperties) = preSolution
		HideSolutionNode = FALSE
	EndGlobalSection
	GlobalSection(NestedProjects) = preSolution
		{8AC641A7-94A1-4438-9909-F0E865AB0B7B} = {08EA9CF7-04E8-4517-8900-3C0A5D73B539}
		{934728D1-C7DE-48A6-B848-45D98F49C986} = {968B385C-E96C-4D0D-8B88-29A5743D3143}
		{32C25F66-CFDE-4489-994E-85A913869680} = {08EA9CF7-04E8-4517-8900-3C0A5D73B539}
		{9BDA1F45-7D15-4EB2-B06D-2BD7898658C4} = {968B385C-E96C-4D0D-8B88-29A5743D3143}
		{B2EC0212-6675-4F7D-8F0C-D4132B64DD68} = {08EA9CF7-04E8-4517-8900-3C0A5D73B539}
		{007565B5-C36F-4878-904E-D43F28A2E7E2} = {968B385C-E96C-4D0D-8B88-29A5743D3143}
		{ABDA27D6-7C53-4B03-BB51-798D902B8B52} = {08EA9CF7-04E8-4517-8900-3C0A5D73B539}
	EndGlobalSection
	GlobalSection(ExtensibilityGlobals) = postSolution
		SolutionGuid = {ADCAAC85-E7E1-46A6-989E-A0E379986E0C}
	EndGlobalSection
EndGlobal
